
Microsoft Visual Studio Solution File, Format Version 12.00
# Visual Studio Version 16
VisualStudioVersion = 16.0.30611.23
MinimumVisualStudioVersion = 10.0.40219.1
Project("{FAE04EC0-301F-11D3-BF4B-00C04F79EFBC}") = "TeslaCuffed", "TeslaCuffed\TeslaCuffed.csproj", "{897C4FFC-2E11-41C1-A35E-803B205E8C9F}"
EndProject
Global
	GlobalSection(SolutionConfigurationPlatforms) = preSolution
		Debug|Any CPU = Debug|Any CPU
		Release|Any CPU = Release|Any CPU
	EndGlobalSection
	GlobalSection(ProjectConfigurationPlatforms) = postSolution
		{897C4FFC-2E11-41C1-A35E-803B205E8C9F}.Debug|Any CPU.ActiveCfg = Debug|Any CPU
		{897C4FFC-2E11-41C1-A35E-803B205E8C9F}.Debug|Any CPU.Build.0 = Debug|Any CPU
		{897C4FFC-2E11-41C1-A35E-803B205E8C9F}.Release|Any CPU.ActiveCfg = Release|Any CPU
		{897C4FFC-2E11-41C1-A35E-803B205E8C9F}.Release|Any CPU.Build.0 = Release|Any CPU
	EndGlobalSection
	GlobalSection(SolutionProperties) = preSolution
		HideSolutionNode = FALSE
	EndGlobalSection
	GlobalSection(ExtensibilityGlobals) = postSolution
		SolutionGuid = {BD67B787-5194-47D3-8136-2CD83E2A3D05}
	EndGlobalSection
EndGlobal
